// !$*UTF8*$!
{
	archiveVersion = 1;
	classes = {
	};
	objectVersion = 46;
	objects = {

		0D9ED28E9E57D75B3F4EC705 = {isa = PBXBuildFile; fileRef = 2047ECEA6B06B39A33714034; };
		19A341375C396388115EBE06 = {isa = PBXBuildFile; fileRef = F121892E666A25FDF1DD5E27; };
		5FA461EC1FF919DAB9292ACD = {isa = PBXBuildFile; fileRef = D08AD2127CB91C4BFC87172F; };
		7270DB1901A0E09C904340B1 = {isa = PBXBuildFile; fileRef = 409D908B156EB42B5FB984C8; };
		58A504B4DD853E8C63F853E9 = {isa = PBXBuildFile; fileRef = 22D4737FF0503643AA92F812; };
		6047A7C628CB57E843C2EB54 = {isa = PBXBuildFile; fileRef = E0F801E2F899ACE0D12BFBA1; };
		45964407CFDCF1B3B7C99519 = {isa = PBXBuildFile; fileRef = E761BD78126DC8F3AD24141C; };
		ADD97E8D19260420F14E3D43 = {isa = PBXBuildFile; fileRef = FB36CF80B7F737D93E4AA01D; };
		F0CB8FAB25657968DBAC1F39 = {isa = PBXBuildFile; fileRef = 91987E139DC14AA69FC34CF8; };
		AA377BA550F410EB035260AF = {isa = PBXBuildFile; fileRef = D1492496D1E222105931B23B; };
		63CA04815F2356D76D8D2B6E = {isa = PBXBuildFile; fileRef = 6F6881DD2BFA70163EB2838B; };
		943E1FC9DE2D69CA69A93919 = {isa = PBXBuildFile; fileRef = E4B1E58CE89F6ED76645260D; };
		50B099D15567C604F9FFAD53 = {isa = PBXBuildFile; fileRef = 5A90EA7CEFF68A0FB62D000E; };
		A164F7969CFDD5295A866551 = {isa = PBXBuildFile; fileRef = 8D9C573C2D8F0F175E341BC6; };
		8515A7B9E4C2F872654E45C6 = {isa = PBXBuildFile; fileRef = 5E7565E80B2A018E05A38D2C; };
		DE21CEB32B0EE8D4D5F674BB = {isa = PBXBuildFile; fileRef = 2250678DF725E694207B9047; };
		226850DF37C4DB35D15C6346 = {isa = PBXBuildFile; fileRef = 0250BAF1E28DB9AB9BC5BA71; };
		2275133446544DE64EADF133 = {isa = PBXBuildFile; fileRef = F48F80889992D763AABDBDB2; };
		6C2A89B1988A2FCA2B72B19E = {isa = PBXBuildFile; fileRef = B2F895C6514C9586B373B0D4; };
		36370A115FDB523C262D16F9 = {isa = PBXBuildFile; fileRef = DEE818024FBDE09A7FA7B42A; };
		AD04667CEAB0429CB2CDAEA4 = {isa = PBXBuildFile; fileRef = 96DB5A1FAFC2E0DE68EEBDE7; };
		80B04332EFE0F53B847705D4 = {isa = PBXBuildFile; fileRef = 7105318426812F48492E999A; };
		62EF86856AAD2140F0EBD65B = {isa = PBXBuildFile; fileRef = 2B170806DBF51C7BDE368EF9; };
		D5836BCC5A7EDAFFA0D1F007 = {isa = PBXBuildFile; fileRef = 313D30A82296E4F82F55CB79; };
		23EF7B662B5B0BD4122ABECC = {isa = PBXBuildFile; fileRef = 7AD987967E864BC428354B6D; };
		79C99DA61283681425BBFBFB = {isa = PBXBuildFile; fileRef = 394B136EF3D580CCCC2B63A4; };
		7F12B78B1FA0AD8C70031808 = {isa = PBXBuildFile; fileRef = 5AE089C62D875E2F72481784; };
		D79A4A58B8E476B0BA7FA8DE = {isa = PBXBuildFile; fileRef = CF8664D036678139C7A8D2F6; };
		A4EBDB30DCA1CEFA27AF154E = {isa = PBXBuildFile; fileRef = 33183092E5C8DD5B8BAB7211; };
		BEEB8A110D57AC40333118FE = {isa = PBXBuildFile; fileRef = 97C9AAC66D9618933782C35E; };
		3C8621EC1F1FCE183B421603 = {isa = PBXBuildFile; fileRef = B29AA790767C9D5B41BDE7D3; };
		0250BAF1E28DB9AB9BC5BA71 = {isa = PBXFileReference; lastKnownFileType = sourcecode.cpp.cpp; name = Main.cpp; path = ../../Source/Main.cpp; sourceTree = "SOURCE_ROOT"; };
		0F6FB7D8064EA29C5E929D70 = {isa = PBXFileReference; lastKnownFileType = file; name = "juce_audio_devices"; path = "../../../../../Downloads/JUCE/modules/juce_audio_devices"; sourceTree = "SOURCE_ROOT"; };
		2047ECEA6B06B39A33714034 = {isa = PBXFileReference; explicitFileType = wrapper.application; includeInIndex = 0; path = NewProject.app; sourceTree = "BUILT_PRODUCTS_DIR"; };
		2140DD9479F3643E5A02AD0F = {isa = PBXFileReference; lastKnownFileType = sourcecode.c.h; name = BinaryData.h; path = ../../JuceLibraryCode/BinaryData.h; sourceTree = "SOURCE_ROOT"; };
		2250678DF725E694207B9047 = {isa = PBXFileReference; lastKnownFileType = sourcecode.cpp.cpp; name = MainComponent.cpp; path = ../../Source/MainComponent.cpp; sourceTree = "SOURCE_ROOT"; };
		22D4737FF0503643AA92F812 = {isa = PBXFileReference; lastKnownFileType = wrapper.framework; name = AVKit.framework; path = System/Library/Frameworks/AVKit.framework; sourceTree = SDKROOT; };
		2A09D7077E17FA580D0C595A = {isa = PBXFileReference; lastKnownFileType = sourcecode.c.h; name = WavefrontObjParser.h; path = ../../Source/Resources/WavefrontObjParser.h; sourceTree = "SOURCE_ROOT"; };
		2B170806DBF51C7BDE368EF9 = {isa = PBXFileReference; lastKnownFileType = sourcecode.cpp.objcpp; name = "include_juce_core.mm"; path = "../../JuceLibraryCode/include_juce_core.mm"; sourceTree = "SOURCE_ROOT"; };
		31181F7F97BE76A445D72050 = {isa = PBXFileReference; lastKnownFileType = file.obj; name = teapot.obj; path = ../../Source/Resources/teapot.obj; sourceTree = "SOURCE_ROOT"; };
		31193EE39C20805BA2FD48FA = {isa = PBXFileReference; lastKnownFileType = image.jpeg; name = checker.jpg; path = ../../Source/Resources/checker.jpg; sourceTree = "SOURCE_ROOT"; };
		313D30A82296E4F82F55CB79 = {isa = PBXFileReference; lastKnownFileType = sourcecode.cpp.objcpp; name = "include_juce_cryptography.mm"; path = "../../JuceLibraryCode/include_juce_cryptography.mm"; sourceTree = "SOURCE_ROOT"; };
		33183092E5C8DD5B8BAB7211 = {isa = PBXFileReference; lastKnownFileType = sourcecode.cpp.objcpp; name = "include_juce_gui_extra.mm"; path = "../../JuceLibraryCode/include_juce_gui_extra.mm"; sourceTree = "SOURCE_ROOT"; };
		3442A5ED0C8A449D516F8136 = {isa = PBXFileReference; lastKnownFileType = sourcecode.c.h; name = JuceHeader.h; path = ../../JuceLibraryCode/JuceHeader.h; sourceTree = "SOURCE_ROOT"; };
		349056157E63767152917C6F = {isa = PBXFileReference; lastKnownFileType = file; name = "juce_video"; path = "../../../../../Downloads/JUCE/modules/juce_video"; sourceTree = "SOURCE_ROOT"; };
		37364CD77F1E33A891549CA4 = {isa = PBXFileReference; lastKnownFileType = sourcecode.c.h; name = AppConfig.h; path = ../../JuceLibraryCode/AppConfig.h; sourceTree = "SOURCE_ROOT"; };
		394B136EF3D580CCCC2B63A4 = {isa = PBXFileReference; lastKnownFileType = sourcecode.cpp.objcpp; name = "include_juce_events.mm"; path = "../../JuceLibraryCode/include_juce_events.mm"; sourceTree = "SOURCE_ROOT"; };
		409D908B156EB42B5FB984C8 = {isa = PBXFileReference; lastKnownFileType = wrapper.framework; name = AVFoundation.framework; path = System/Library/Frameworks/AVFoundation.framework; sourceTree = SDKROOT; };
		4A7D841AF52257B2366877C1 = {isa = PBXFileReference; lastKnownFileType = file; name = "juce_audio_processors"; path = "../../../../../Downloads/JUCE/modules/juce_audio_processors"; sourceTree = "SOURCE_ROOT"; };
		52B2FF625BA06B587785AFEB = {isa = PBXFileReference; lastKnownFileType = file; name = "juce_graphics"; path = "../../../../../Downloads/JUCE/modules/juce_graphics"; sourceTree = "SOURCE_ROOT"; };
		58945DDFA4ECBEAB04C22AB3 = {isa = PBXFileReference; lastKnownFileType = file; name = "juce_data_structures"; path = "../../../../../Downloads/JUCE/modules/juce_data_structures"; sourceTree = "SOURCE_ROOT"; };
		594E026E71FAE94CFD2A1F7A = {isa = PBXFileReference; lastKnownFileType = file; name = "juce_audio_formats"; path = "../../../../../Downloads/JUCE/modules/juce_audio_formats"; sourceTree = "SOURCE_ROOT"; };
		5A90EA7CEFF68A0FB62D000E = {isa = PBXFileReference; lastKnownFileType = wrapper.framework; name = QuartzCore.framework; path = System/Library/Frameworks/QuartzCore.framework; sourceTree = SDKROOT; };
		5AE089C62D875E2F72481784 = {isa = PBXFileReference; lastKnownFileType = sourcecode.cpp.objcpp; name = "include_juce_graphics.mm"; path = "../../JuceLibraryCode/include_juce_graphics.mm"; sourceTree = "SOURCE_ROOT"; };
		5E7565E80B2A018E05A38D2C = {isa = PBXFileReference; lastKnownFileType = file.nib; name = RecentFilesMenuTemplate.nib; path = RecentFilesMenuTemplate.nib; sourceTree = "SOURCE_ROOT"; };
		6599883A6CAF71EFEE6A5F46 = {isa = PBXFileReference; lastKnownFileType = text.plist.xml; name = "Info-App.plist"; path = "Info-App.plist"; sourceTree = "SOURCE_ROOT"; };
		6F6881DD2BFA70163EB2838B = {isa = PBXFileReference; lastKnownFileType = wrapper.framework; name = IOKit.framework; path = System/Library/Frameworks/IOKit.framework; sourceTree = SDKROOT; };
		7105318426812F48492E999A = {isa = PBXFileReference; lastKnownFileType = sourcecode.cpp.objcpp; name = "include_juce_audio_processors.mm"; path = "../../JuceLibraryCode/include_juce_audio_processors.mm"; sourceTree = "SOURCE_ROOT"; };
		7AD987967E864BC428354B6D = {isa = PBXFileReference; lastKnownFileType = sourcecode.cpp.objcpp; name = "include_juce_data_structures.mm"; path = "../../JuceLibraryCode/include_juce_data_structures.mm"; sourceTree = "SOURCE_ROOT"; };
		848FEBFAAC3C4709F7A73A15 = {isa = PBXFileReference; lastKnownFileType = file; name = "juce_core"; path = "../../../../../Downloads/JUCE/modules/juce_core"; sourceTree = "SOURCE_ROOT"; };
		8D9C573C2D8F0F175E341BC6 = {isa = PBXFileReference; lastKnownFileType = wrapper.framework; name = WebKit.framework; path = System/Library/Frameworks/WebKit.framework; sourceTree = SDKROOT; };
		91987E139DC14AA69FC34CF8 = {isa = PBXFileReference; lastKnownFileType = wrapper.framework; name = CoreMedia.framework; path = System/Library/Frameworks/CoreMedia.framework; sourceTree = SDKROOT; };
		96DB5A1FAFC2E0DE68EEBDE7 = {isa = PBXFileReference; lastKnownFileType = sourcecode.cpp.objcpp; name = "include_juce_audio_formats.mm"; path = "../../JuceLibraryCode/include_juce_audio_formats.mm"; sourceTree = "SOURCE_ROOT"; };
		97C9AAC66D9618933782C35E = {isa = PBXFileReference; lastKnownFileType = sourcecode.cpp.objcpp; name = "include_juce_opengl.mm"; path = "../../JuceLibraryCode/include_juce_opengl.mm"; sourceTree = "SOURCE_ROOT"; };
		9C30499FA8A58E2704959525 = {isa = PBXFileReference; lastKnownFileType = file; name = "juce_cryptography"; path = "../../../../../Downloads/JUCE/modules/juce_cryptography"; sourceTree = "SOURCE_ROOT"; };
		B29AA790767C9D5B41BDE7D3 = {isa = PBXFileReference; lastKnownFileType = sourcecode.cpp.objcpp; name = "include_juce_video.mm"; path = "../../JuceLibraryCode/include_juce_video.mm"; sourceTree = "SOURCE_ROOT"; };
		B2F895C6514C9586B373B0D4 = {isa = PBXFileReference; lastKnownFileType = sourcecode.cpp.objcpp; name = "include_juce_audio_basics.mm"; path = "../../JuceLibraryCode/include_juce_audio_basics.mm"; sourceTree = "SOURCE_ROOT"; };
		BD50E03B087D27BB98BDEA58 = {isa = PBXFileReference; lastKnownFileType = file; name = "juce_opengl"; path = "../../../../../Downloads/JUCE/modules/juce_opengl"; sourceTree = "SOURCE_ROOT"; };
		CF8664D036678139C7A8D2F6 = {isa = PBXFileReference; lastKnownFileType = sourcecode.cpp.objcpp; name = "include_juce_gui_basics.mm"; path = "../../JuceLibraryCode/include_juce_gui_basics.mm"; sourceTree = "SOURCE_ROOT"; };
		D08AD2127CB91C4BFC87172F = {isa = PBXFileReference; lastKnownFileType = wrapper.framework; name = AudioToolbox.framework; path = System/Library/Frameworks/AudioToolbox.framework; sourceTree = SDKROOT; };
		D1492496D1E222105931B23B = {isa = PBXFileReference; lastKnownFileType = wrapper.framework; name = CoreMIDI.framework; path = System/Library/Frameworks/CoreMIDI.framework; sourceTree = SDKROOT; };
		D579A83A3C0BA02AF406B139 = {isa = PBXFileReference; lastKnownFileType = file; name = "juce_audio_basics"; path = "~/JUCE/modules/juce_audio_basics"; sourceTree = "<absolute>"; };
		DEE818024FBDE09A7FA7B42A = {isa = PBXFileReference; lastKnownFileType = sourcecode.cpp.objcpp; name = "include_juce_audio_devices.mm"; path = "../../JuceLibraryCode/include_juce_audio_devices.mm"; sourceTree = "SOURCE_ROOT"; };
		E0F801E2F899ACE0D12BFBA1 = {isa = PBXFileReference; lastKnownFileType = wrapper.framework; name = Carbon.framework; path = System/Library/Frameworks/Carbon.framework; sourceTree = SDKROOT; };
		E4B1E58CE89F6ED76645260D = {isa = PBXFileReference; lastKnownFileType = wrapper.framework; name = OpenGL.framework; path = System/Library/Frameworks/OpenGL.framework; sourceTree = SDKROOT; };
		E761BD78126DC8F3AD24141C = {isa = PBXFileReference; lastKnownFileType = wrapper.framework; name = Cocoa.framework; path = System/Library/Frameworks/Cocoa.framework; sourceTree = SDKROOT; };
		E9C098BDE85644BD480E5D10 = {isa = PBXFileReference; lastKnownFileType = file; name = "juce_gui_basics"; path = "../../../../../Downloads/JUCE/modules/juce_gui_basics"; sourceTree = "SOURCE_ROOT"; };
		F121892E666A25FDF1DD5E27 = {isa = PBXFileReference; lastKnownFileType = wrapper.framework; name = Accelerate.framework; path = System/Library/Frameworks/Accelerate.framework; sourceTree = SDKROOT; };
		F22FC63D2A058B4480B0D0B1 = {isa = PBXFileReference; lastKnownFileType = file; name = "juce_gui_extra"; path = "../../../../../Downloads/JUCE/modules/juce_gui_extra"; sourceTree = "SOURCE_ROOT"; };
		F48F80889992D763AABDBDB2 = {isa = PBXFileReference; lastKnownFileType = sourcecode.cpp.cpp; name = BinaryData.cpp; path = ../../JuceLibraryCode/BinaryData.cpp; sourceTree = "SOURCE_ROOT"; };
		FA1C35AE5A55C8A7597F8E95 = {isa = PBXFileReference; lastKnownFileType = file; name = "juce_events"; path = "../../../../../Downloads/JUCE/modules/juce_events"; sourceTree = "SOURCE_ROOT"; };
		FB36CF80B7F737D93E4AA01D = {isa = PBXFileReference; lastKnownFileType = wrapper.framework; name = CoreAudio.framework; path = System/Library/Frameworks/CoreAudio.framework; sourceTree = SDKROOT; };
		0BDA62C7A11A7EB676EF3A23 = {isa = PBXGroup; children = (
					31193EE39C20805BA2FD48FA,
					31181F7F97BE76A445D72050,
					2A09D7077E17FA580D0C595A, ); name = Resources; sourceTree = "<group>"; };
		94B308551A70CCC4CDAED98C = {isa = PBXGroup; children = (
					0BDA62C7A11A7EB676EF3A23,
					2250678DF725E694207B9047,
					0250BAF1E28DB9AB9BC5BA71, ); name = Source; sourceTree = "<group>"; };
		FB6F70DA37D87416452E318E = {isa = PBXGroup; children = (
					94B308551A70CCC4CDAED98C, ); name = OGL; sourceTree = "<group>"; };
		BA51C899F53162BD4AE807E4 = {isa = PBXGroup; children = (
					D579A83A3C0BA02AF406B139,
					0F6FB7D8064EA29C5E929D70,
					594E026E71FAE94CFD2A1F7A,
					4A7D841AF52257B2366877C1,
					848FEBFAAC3C4709F7A73A15,
					9C30499FA8A58E2704959525,
					58945DDFA4ECBEAB04C22AB3,
					FA1C35AE5A55C8A7597F8E95,
					52B2FF625BA06B587785AFEB,
					E9C098BDE85644BD480E5D10,
					F22FC63D2A058B4480B0D0B1,
					BD50E03B087D27BB98BDEA58,
					349056157E63767152917C6F, ); name = "Juce Modules"; sourceTree = "<group>"; };
		1782D003DE95DD2B4436F362 = {isa = PBXGroup; children = (
					37364CD77F1E33A891549CA4,
					F48F80889992D763AABDBDB2,
					2140DD9479F3643E5A02AD0F,
					B2F895C6514C9586B373B0D4,
					DEE818024FBDE09A7FA7B42A,
					96DB5A1FAFC2E0DE68EEBDE7,
					7105318426812F48492E999A,
					2B170806DBF51C7BDE368EF9,
					313D30A82296E4F82F55CB79,
					7AD987967E864BC428354B6D,
					394B136EF3D580CCCC2B63A4,
					5AE089C62D875E2F72481784,
					CF8664D036678139C7A8D2F6,
					33183092E5C8DD5B8BAB7211,
					97C9AAC66D9618933782C35E,
					B29AA790767C9D5B41BDE7D3,
					3442A5ED0C8A449D516F8136, ); name = "Juce Library Code"; sourceTree = "<group>"; };
		BE5177892D080089A47DAB89 = {isa = PBXGroup; children = (
					6599883A6CAF71EFEE6A5F46,
					5E7565E80B2A018E05A38D2C, ); name = Resources; sourceTree = "<group>"; };
		A26B53BFA566365E8D3150DF = {isa = PBXGroup; children = (
					F121892E666A25FDF1DD5E27,
					D08AD2127CB91C4BFC87172F,
					409D908B156EB42B5FB984C8,
					22D4737FF0503643AA92F812,
					E0F801E2F899ACE0D12BFBA1,
					E761BD78126DC8F3AD24141C,
					FB36CF80B7F737D93E4AA01D,
					91987E139DC14AA69FC34CF8,
					D1492496D1E222105931B23B,
					6F6881DD2BFA70163EB2838B,
					E4B1E58CE89F6ED76645260D,
					5A90EA7CEFF68A0FB62D000E,
					8D9C573C2D8F0F175E341BC6, ); name = Frameworks; sourceTree = "<group>"; };
		FA52ED71E09DE6564B2BC45A = {isa = PBXGroup; children = (
					2047ECEA6B06B39A33714034, ); name = Products; sourceTree = "<group>"; };
		5BBE66EA7F310D7D50845A05 = {isa = PBXGroup; children = (
					FB6F70DA37D87416452E318E,
					BA51C899F53162BD4AE807E4,
					1782D003DE95DD2B4436F362,
					BE5177892D080089A47DAB89,
					A26B53BFA566365E8D3150DF,
					FA52ED71E09DE6564B2BC45A, ); name = Source; sourceTree = "<group>"; };
		C0DF28487FCF5755E6F2BC4C = {isa = XCBuildConfiguration; buildSettings = {
				CLANG_CXX_LANGUAGE_STANDARD = "c++11";
				CLANG_LINK_OBJC_RUNTIME = NO;
				COMBINE_HIDPI_IMAGES = YES;
				CONFIGURATION_BUILD_DIR = "$(PROJECT_DIR)/build/$(CONFIGURATION)";
				COPY_PHASE_STRIP = NO;
				GCC_DYNAMIC_NO_PIC = NO;
				GCC_OPTIMIZATION_LEVEL = 0;
				GCC_PREPROCESSOR_DEFINITIONS = (
					"_DEBUG=1",
					"DEBUG=1",
					"JUCER_XCODE_MAC_F6D2F4CF=1",
					"JUCE_APP_VERSION=1.0.0",
					"JUCE_APP_VERSION_HEX=0x10000",
					"JucePlugin_Build_VST=0",
					"JucePlugin_Build_VST3=0",
					"JucePlugin_Build_AU=0",
					"JucePlugin_Build_AUv3=0",
					"JucePlugin_Build_RTAS=0",
					"JucePlugin_Build_AAX=0",
					"JucePlugin_Build_Standalone=0", );
				GCC_VERSION = com.apple.compilers.llvm.clang.1_0;
				HEADER_SEARCH_PATHS = ("../../JuceLibraryCode", "~/JUCE/modules", "../../../../../Downloads/JUCE/modules", "$(inherited)");
				INFOPLIST_FILE = Info-App.plist;
				INFOPLIST_PREPROCESS = NO;
				INSTALL_PATH = "$(HOME)/Applications";
				MACOSX_DEPLOYMENT_TARGET = 10.11;
				MACOSX_DEPLOYMENT_TARGET_ppc = 10.4;
				PRODUCT_BUNDLE_IDENTIFIER = com.yourcompany.NewProject;
				SDKROOT_ppc = macosx10.5;
				USE_HEADERMAP = NO; }; name = Debug; };
		40E99A087F9B6DCFF991D279 = {isa = XCBuildConfiguration; buildSettings = {
				CLANG_CXX_LANGUAGE_STANDARD = "c++11";
				CLANG_LINK_OBJC_RUNTIME = NO;
				COMBINE_HIDPI_IMAGES = YES;
				CONFIGURATION_BUILD_DIR = "$(PROJECT_DIR)/build/$(CONFIGURATION)";
				DEAD_CODE_STRIPPING = YES;
				GCC_GENERATE_DEBUGGING_SYMBOLS = NO;
				GCC_OPTIMIZATION_LEVEL = 3;
				GCC_PREPROCESSOR_DEFINITIONS = (
					"_NDEBUG=1",
					"NDEBUG=1",
					"JUCER_XCODE_MAC_F6D2F4CF=1",
					"JUCE_APP_VERSION=1.0.0",
					"JUCE_APP_VERSION_HEX=0x10000",
					"JucePlugin_Build_VST=0",
					"JucePlugin_Build_VST3=0",
					"JucePlugin_Build_AU=0",
					"JucePlugin_Build_AUv3=0",
					"JucePlugin_Build_RTAS=0",
					"JucePlugin_Build_AAX=0",
					"JucePlugin_Build_Standalone=0", );
				GCC_SYMBOLS_PRIVATE_EXTERN = YES;
				GCC_VERSION = com.apple.compilers.llvm.clang.1_0;
				HEADER_SEARCH_PATHS = ("../../JuceLibraryCode", "~/JUCE/modules", "../../../../../Downloads/JUCE/modules", "$(inherited)");
				INFOPLIST_FILE = Info-App.plist;
				INFOPLIST_PREPROCESS = NO;
				INSTALL_PATH = "$(HOME)/Applications";
				MACOSX_DEPLOYMENT_TARGET = 10.11;
				MACOSX_DEPLOYMENT_TARGET_ppc = 10.4;
				PRODUCT_BUNDLE_IDENTIFIER = com.yourcompany.NewProject;
				SDKROOT_ppc = macosx10.5;
				USE_HEADERMAP = NO; }; name = Release; };
		B57755AEF69F7E291EE78DEA = {isa = XCBuildConfiguration; buildSettings = {
				ALWAYS_SEARCH_USER_PATHS = NO;
				CLANG_WARN_BLOCK_CAPTURE_AUTORELEASING = YES;
				CLANG_WARN_BOOL_CONVERSION = YES;
				CLANG_WARN_COMMA = YES;
				CLANG_WARN_CONSTANT_CONVERSION = YES;
				CLANG_WARN_EMPTY_BODY = YES;
				CLANG_WARN_ENUM_CONVERSION = YES;
				CLANG_WARN_INFINITE_RECURSION = YES;
				CLANG_WARN_INT_CONVERSION = YES;
				CLANG_WARN_NON_LITERAL_NULL_CONVERSION = YES;
				CLANG_WARN_OBJC_LITERAL_CONVERSION = YES;
				CLANG_WARN_RANGE_LOOP_ANALYSIS = YES;
				CLANG_WARN_STRICT_PROTOTYPES = YES;
				CLANG_WARN_SUSPICIOUS_MOVE = YES;
				CLANG_WARN_UNREACHABLE_CODE = YES;
				CLANG_WARN__DUPLICATE_METHOD_MATCH = YES;
				DEBUG_INFORMATION_FORMAT = "dwarf";
				ENABLE_STRICT_OBJC_MSGSEND = YES;
				ENABLE_TESTABILITY = YES;
				GCC_C_LANGUAGE_STANDARD = c11;
				GCC_INLINES_ARE_PRIVATE_EXTERN = YES;
				GCC_MODEL_TUNING = G5;
				GCC_NO_COMMON_BLOCKS = YES;
				GCC_WARN_64_TO_32_BIT_CONVERSION = YES;
				GCC_WARN_ABOUT_RETURN_TYPE = YES;
				GCC_WARN_CHECK_SWITCH_STATEMENTS = YES;
				GCC_WARN_MISSING_PARENTHESES = YES;
				GCC_WARN_NON_VIRTUAL_DESTRUCTOR = YES;
				GCC_WARN_TYPECHECK_CALLS_TO_PRINTF = YES;
				GCC_WARN_UNDECLARED_SELECTOR = YES;
				GCC_WARN_UNINITIALIZED_AUTOS = YES;
				GCC_WARN_UNUSED_FUNCTION = YES;
				GCC_WARN_UNUSED_VARIABLE = YES;
				ONLY_ACTIVE_ARCH = YES;
				PRODUCT_NAME = "NewProject";
				WARNING_CFLAGS = -Wreorder;
				ZERO_LINK = NO; }; name = Debug; };
		4EA7E61679C0A8DC494CC80C = {isa = XCBuildConfiguration; buildSettings = {
				ALWAYS_SEARCH_USER_PATHS = NO;
				CLANG_WARN_BLOCK_CAPTURE_AUTORELEASING = YES;
				CLANG_WARN_BOOL_CONVERSION = YES;
				CLANG_WARN_COMMA = YES;
				CLANG_WARN_CONSTANT_CONVERSION = YES;
				CLANG_WARN_EMPTY_BODY = YES;
				CLANG_WARN_ENUM_CONVERSION = YES;
				CLANG_WARN_INFINITE_RECURSION = YES;
				CLANG_WARN_INT_CONVERSION = YES;
				CLANG_WARN_NON_LITERAL_NULL_CONVERSION = YES;
				CLANG_WARN_OBJC_LITERAL_CONVERSION = YES;
				CLANG_WARN_RANGE_LOOP_ANALYSIS = YES;
				CLANG_WARN_STRICT_PROTOTYPES = YES;
				CLANG_WARN_SUSPICIOUS_MOVE = YES;
				CLANG_WARN_UNREACHABLE_CODE = YES;
				CLANG_WARN__DUPLICATE_METHOD_MATCH = YES;
				DEBUG_INFORMATION_FORMAT = "dwarf";
				ENABLE_STRICT_OBJC_MSGSEND = YES;
				GCC_C_LANGUAGE_STANDARD = c11;
				GCC_INLINES_ARE_PRIVATE_EXTERN = YES;
				GCC_MODEL_TUNING = G5;
				GCC_NO_COMMON_BLOCKS = YES;
				GCC_WARN_64_TO_32_BIT_CONVERSION = YES;
				GCC_WARN_ABOUT_RETURN_TYPE = YES;
				GCC_WARN_CHECK_SWITCH_STATEMENTS = YES;
				GCC_WARN_MISSING_PARENTHESES = YES;
				GCC_WARN_NON_VIRTUAL_DESTRUCTOR = YES;
				GCC_WARN_TYPECHECK_CALLS_TO_PRINTF = YES;
				GCC_WARN_UNDECLARED_SELECTOR = YES;
				GCC_WARN_UNINITIALIZED_AUTOS = YES;
				GCC_WARN_UNUSED_FUNCTION = YES;
				GCC_WARN_UNUSED_VARIABLE = YES;
				PRODUCT_NAME = "NewProject";
				WARNING_CFLAGS = -Wreorder;
				ZERO_LINK = NO; }; name = Release; };
		63F0C036B94158A25EB355DB = {isa = PBXTargetDependency; target = F0F3EE2E09BC8B384D1C6A86; };
		A9F5490C4503FFA1E2FE15D8 = {isa = XCConfigurationList; buildConfigurations = (
					B57755AEF69F7E291EE78DEA,
					4EA7E61679C0A8DC494CC80C, ); defaultConfigurationIsVisible = 0; defaultConfigurationName = Debug; };
		454BBEFF6D7E971BCF33483B = {isa = XCConfigurationList; buildConfigurations = (
					C0DF28487FCF5755E6F2BC4C,
					40E99A087F9B6DCFF991D279, ); defaultConfigurationIsVisible = 0; defaultConfigurationName = Debug; };
		A6303B165E71BEDE69D5C710 = {isa = PBXResourcesBuildPhase; buildActionMask = 2147483647; files = (
					8515A7B9E4C2F872654E45C6, ); runOnlyForDeploymentPostprocessing = 0; };
		F1DAFE67C9F1F045DBFB37F6 = {isa = PBXSourcesBuildPhase; buildActionMask = 2147483647; files = (
					DE21CEB32B0EE8D4D5F674BB,
					226850DF37C4DB35D15C6346,
					2275133446544DE64EADF133,
					6C2A89B1988A2FCA2B72B19E,
					36370A115FDB523C262D16F9,
					AD04667CEAB0429CB2CDAEA4,
					80B04332EFE0F53B847705D4,
					62EF86856AAD2140F0EBD65B,
					D5836BCC5A7EDAFFA0D1F007,
					23EF7B662B5B0BD4122ABECC,
					79C99DA61283681425BBFBFB,
					7F12B78B1FA0AD8C70031808,
					D79A4A58B8E476B0BA7FA8DE,
					A4EBDB30DCA1CEFA27AF154E,
					BEEB8A110D57AC40333118FE,
					3C8621EC1F1FCE183B421603, ); runOnlyForDeploymentPostprocessing = 0; };
		67CD87FE9A0B27746086F36A = {isa = PBXFrameworksBuildPhase; buildActionMask = 2147483647; files = (
					19A341375C396388115EBE06,
					5FA461EC1FF919DAB9292ACD,
					7270DB1901A0E09C904340B1,
					58A504B4DD853E8C63F853E9,
					6047A7C628CB57E843C2EB54,
					45964407CFDCF1B3B7C99519,
					ADD97E8D19260420F14E3D43,
					F0CB8FAB25657968DBAC1F39,
					AA377BA550F410EB035260AF,
					63CA04815F2356D76D8D2B6E,
					943E1FC9DE2D69CA69A93919,
					50B099D15567C604F9FFAD53,
					A164F7969CFDD5295A866551, ); runOnlyForDeploymentPostprocessing = 0; };
		F0F3EE2E09BC8B384D1C6A86 = {isa = PBXNativeTarget; buildConfigurationList = 454BBEFF6D7E971BCF33483B; buildPhases = (
					A6303B165E71BEDE69D5C710,
					F1DAFE67C9F1F045DBFB37F6,
					67CD87FE9A0B27746086F36A, ); buildRules = ( ); dependencies = (  ); name = "OGL - App"; productName = OGL; productReference = 2047ECEA6B06B39A33714034; productType = "com.apple.product-type.application"; };
		E9BB29C9D8C1619C0A8DED34 = {isa = PBXProject; buildConfigurationList = A9F5490C4503FFA1E2FE15D8; attributes = { LastUpgradeCheck = 0830; TargetAttributes = { F0F3EE2E09BC8B384D1C6A86 = { SystemCapabilities = {com.apple.ApplicationGroups.iOS = { enabled = 0; }; com.apple.InAppPurchase = { enabled = 0; }; com.apple.InterAppAudio = { enabled = 0; }; com.apple.Push = { enabled = 0; }; com.apple.Sandbox = { enabled = 0; }; }; }; }; }; compatibilityVersion = "Xcode 3.2"; hasScannedForEncodings = 0; mainGroup = 5BBE66EA7F310D7D50845A05; projectDirPath = ""; projectRoot = ""; targets = (F0F3EE2E09BC8B384D1C6A86); };
	};
	rootObject = E9BB29C9D8C1619C0A8DED34;
}
